
Microsoft Visual Studio Solution File, Format Version 12.00
# Visual Studio Version 17
VisualStudioVersion = 17.4.33205.214
MinimumVisualStudioVersion = 10.0.40219.1
Project("{2150E333-8FDC-42A3-9474-1A3956D46DE8}") = "Data", "Data", "{9DF25C83-74F6-489D-915F-AEE2477698EF}"
EndProject
Project("{9A19103F-16F7-4668-BE54-9A1E7A4F7556}") = "Pet-Store.Data", "Pet-Store.Data\Pet-Store.Data.csproj", "{76A4E881-7DF7-403A-9C26-C0C0486DB0B5}"
EndProject
Project("{2150E333-8FDC-42A3-9474-1A3956D46DE8}") = "Service", "Service", "{57290AA7-8196-4947-BE7B-D7A22318FA81}"
EndProject
Project("{2150E333-8FDC-42A3-9474-1A3956D46DE8}") = "Common", "Common", "{063898D5-67BB-4745-B30F-F19707ED7EA7}"
EndProject
Project("{9A19103F-16F7-4668-BE54-9A1E7A4F7556}") = "PetStore.Common", "PetStore.Common\PetStore.Common.csproj", "{2DD02519-3A42-4F63-B1AE-E596B7960ECF}"
EndProject
Project("{2150E333-8FDC-42A3-9474-1A3956D46DE8}") = "Model", "Model", "{55A65C77-9530-400F-98C6-FDF513FD6803}"
EndProject
Project("{9A19103F-16F7-4668-BE54-9A1E7A4F7556}") = "PetStore.Model", "PetStore.Model\PetStore.Model.csproj", "{ADA6D5E7-FA0A-4827-A528-9016275858AE}"
EndProject
Project("{2150E333-8FDC-42A3-9474-1A3956D46DE8}") = "Api", "Api", "{DC43E4CB-B5F0-4317-9F9D-CEEA02D1B54D}"
EndProject
Project("{9A19103F-16F7-4668-BE54-9A1E7A4F7556}") = "PetStore.Api", "PetStore.Api\PetStore.Api.csproj", "{2BAE1CE7-B96B-41FF-B621-DD16F99400E9}"
EndProject
Project("{FAE04EC0-301F-11D3-BF4B-00C04F79EFBC}") = "PetStore.Service", "PetStore.Service\PetStore.Service.csproj", "{5EBE59E2-9C8D-44E9-9067-7059D5689F1A}"
EndProject
Global
	GlobalSection(SolutionConfigurationPlatforms) = preSolution
		Debug|Any CPU = Debug|Any CPU
		Release|Any CPU = Release|Any CPU
	EndGlobalSection
	GlobalSection(ProjectConfigurationPlatforms) = postSolution
		{76A4E881-7DF7-403A-9C26-C0C0486DB0B5}.Debug|Any CPU.ActiveCfg = Debug|Any CPU
		{76A4E881-7DF7-403A-9C26-C0C0486DB0B5}.Debug|Any CPU.Build.0 = Debug|Any CPU
		{76A4E881-7DF7-403A-9C26-C0C0486DB0B5}.Release|Any CPU.ActiveCfg = Release|Any CPU
		{76A4E881-7DF7-403A-9C26-C0C0486DB0B5}.Release|Any CPU.Build.0 = Release|Any CPU
		{2DD02519-3A42-4F63-B1AE-E596B7960ECF}.Debug|Any CPU.ActiveCfg = Debug|Any CPU
		{2DD02519-3A42-4F63-B1AE-E596B7960ECF}.Debug|Any CPU.Build.0 = Debug|Any CPU
		{2DD02519-3A42-4F63-B1AE-E596B7960ECF}.Release|Any CPU.ActiveCfg = Release|Any CPU
		{2DD02519-3A42-4F63-B1AE-E596B7960ECF}.Release|Any CPU.Build.0 = Release|Any CPU
		{ADA6D5E7-FA0A-4827-A528-9016275858AE}.Debug|Any CPU.ActiveCfg = Debug|Any CPU
		{ADA6D5E7-FA0A-4827-A528-9016275858AE}.Debug|Any CPU.Build.0 = Debug|Any CPU
		{ADA6D5E7-FA0A-4827-A528-9016275858AE}.Release|Any CPU.ActiveCfg = Release|Any CPU
		{ADA6D5E7-FA0A-4827-A528-9016275858AE}.Release|Any CPU.Build.0 = Release|Any CPU
		{2BAE1CE7-B96B-41FF-B621-DD16F99400E9}.Debug|Any CPU.ActiveCfg = Debug|Any CPU
		{2BAE1CE7-B96B-41FF-B621-DD16F99400E9}.Debug|Any CPU.Build.0 = Debug|Any CPU
		{2BAE1CE7-B96B-41FF-B621-DD16F99400E9}.Release|Any CPU.ActiveCfg = Release|Any CPU
		{2BAE1CE7-B96B-41FF-B621-DD16F99400E9}.Release|Any CPU.Build.0 = Release|Any CPU
		{5EBE59E2-9C8D-44E9-9067-7059D5689F1A}.Debug|Any CPU.ActiveCfg = Debug|Any CPU
		{5EBE59E2-9C8D-44E9-9067-7059D5689F1A}.Debug|Any CPU.Build.0 = Debug|Any CPU
		{5EBE59E2-9C8D-44E9-9067-7059D5689F1A}.Release|Any CPU.ActiveCfg = Release|Any CPU
		{5EBE59E2-9C8D-44E9-9067-7059D5689F1A}.Release|Any CPU.Build.0 = Release|Any CPU
	EndGlobalSection
	GlobalSection(SolutionProperties) = preSolution
		HideSolutionNode = FALSE
	EndGlobalSection
	GlobalSection(NestedProjects) = preSolution
		{76A4E881-7DF7-403A-9C26-C0C0486DB0B5} = {9DF25C83-74F6-489D-915F-AEE2477698EF}
		{2DD02519-3A42-4F63-B1AE-E596B7960ECF} = {063898D5-67BB-4745-B30F-F19707ED7EA7}
		{ADA6D5E7-FA0A-4827-A528-9016275858AE} = {55A65C77-9530-400F-98C6-FDF513FD6803}
		{2BAE1CE7-B96B-41FF-B621-DD16F99400E9} = {DC43E4CB-B5F0-4317-9F9D-CEEA02D1B54D}
		{5EBE59E2-9C8D-44E9-9067-7059D5689F1A} = {57290AA7-8196-4947-BE7B-D7A22318FA81}
	EndGlobalSection
	GlobalSection(ExtensibilityGlobals) = postSolution
		SolutionGuid = {956F7C01-FA92-4C66-8533-8DD03F686DBC}
	EndGlobalSection
EndGlobal
